
Microsoft Visual Studio Solution File, Format Version 12.00
# Visual Studio Version 17
VisualStudioVersion = 17.14.37111.16 d17.14
MinimumVisualStudioVersion = 10.0.40219.1
Project("{FAE04EC0-301F-11D3-BF4B-00C04F79EFBC}") = "CuteBlogSystem", "CuteBlogSystem.csproj", "{751BE558-788E-A06E-3851-8891550159F1}"
EndProject
Global
	GlobalSection(SolutionConfigurationPlatforms) = preSolution
		Debug|Any CPU = Debug|Any CPU
		Release|Any CPU = Release|Any CPU
	EndGlobalSection
	GlobalSection(ProjectConfigurationPlatforms) = postSolution
		{751BE558-788E-A06E-3851-8891550159F1}.Debug|Any CPU.ActiveCfg = Debug|Any CPU
		{751BE558-788E-A06E-3851-8891550159F1}.Debug|Any CPU.Build.0 = Debug|Any CPU
		{751BE558-788E-A06E-3851-8891550159F1}.Release|Any CPU.ActiveCfg = Release|Any CPU
		{751BE558-788E-A06E-3851-8891550159F1}.Release|Any CPU.Build.0 = Release|Any CPU
	EndGlobalSection
	GlobalSection(SolutionProperties) = preSolution
		HideSolutionNode = FALSE
	EndGlobalSection
	GlobalSection(ExtensibilityGlobals) = postSolution
		SolutionGuid = {82FDDA6E-0AF4-4DB8-A467-6BDB572078D8}
	EndGlobalSection
EndGlobal
